
Microsoft Visual Studio Solution File, Format Version 12.00
# Visual Studio Version 16
VisualStudioVersion = 16.0.30611.23
MinimumVisualStudioVersion = 10.0.40219.1
Project("{9A19103F-16F7-4668-BE54-9A1E7A4F7556}") = "CsharpCamp", "CsharpCamp\CsharpCamp.csproj", "{BD0CFBA5-8ED3-423A-AEDB-F6150EADF736}"
EndProject
Project("{9A19103F-16F7-4668-BE54-9A1E7A4F7556}") = "Donguler", "Donguler\Donguler.csproj", "{F41D0B1C-3B29-4D2E-BC04-1CFD2016EEC7}"
EndProject
Project("{9A19103F-16F7-4668-BE54-9A1E7A4F7556}") = "ClassIntro", "ClassIntro\ClassIntro.csproj", "{D1E23352-90EF-410D-88C6-E8D80A742581}"
EndProject
Project("{9A19103F-16F7-4668-BE54-9A1E7A4F7556}") = "Metotlar", "Metotlar\Metotlar.csproj", "{570F7869-99A0-4DEC-8EAE-D14667D46F38}"
EndProject
Project("{9A19103F-16F7-4668-BE54-9A1E7A4F7556}") = "Matematik", "Matematik\Matematik.csproj", "{FE9B5E7F-A4CE-4364-BE1C-B8CD931034DC}"
EndProject
Project("{9A19103F-16F7-4668-BE54-9A1E7A4F7556}") = "DegerVeReferansTipler", "DegerVeReferansTipler\DegerVeReferansTipler.csproj", "{0B704879-4CEB-469F-B7B2-6664DF1A21EF}"
EndProject
Project("{9A19103F-16F7-4668-BE54-9A1E7A4F7556}") = "OOP1", "OOP1\OOP1.csproj", "{3753DB4A-C908-40CA-BE27-C889AF9D3040}"
EndProject
Project("{9A19103F-16F7-4668-BE54-9A1E7A4F7556}") = "Koleksiyonlar", "Koleksiyonlar\Koleksiyonlar.csproj", "{FDA40820-E46A-4EB0-921D-4ABDF8AD57E4}"
EndProject
Project("{9A19103F-16F7-4668-BE54-9A1E7A4F7556}") = "GenericsIntro", "GenericsIntro\GenericsIntro.csproj", "{54E6964A-DEC1-4603-80A3-91A9AE99AE58}"
EndProject
Project("{9A19103F-16F7-4668-BE54-9A1E7A4F7556}") = "Odev", "Odev\Odev.csproj", "{1B05609C-88F7-4411-9AE5-E19767F09D17}"
EndProject
Project("{FAE04EC0-301F-11D3-BF4B-00C04F79EFBC}") = "Oop2", "Oop2\Oop2.csproj", "{CD60E14E-6E10-4B0A-ADD4-9A25D4025626}"
EndProject
Project("{FAE04EC0-301F-11D3-BF4B-00C04F79EFBC}") = "Oop3", "Oop3\Oop3.csproj", "{72193D4F-EC01-48AB-9678-0E70B713CB04}"
EndProject
Global
	GlobalSection(SolutionConfigurationPlatforms) = preSolution
		Debug|Any CPU = Debug|Any CPU
		Release|Any CPU = Release|Any CPU
	EndGlobalSection
	GlobalSection(ProjectConfigurationPlatforms) = postSolution
		{BD0CFBA5-8ED3-423A-AEDB-F6150EADF736}.Debug|Any CPU.ActiveCfg = Debug|Any CPU
		{BD0CFBA5-8ED3-423A-AEDB-F6150EADF736}.Debug|Any CPU.Build.0 = Debug|Any CPU
		{BD0CFBA5-8ED3-423A-AEDB-F6150EADF736}.Release|Any CPU.ActiveCfg = Release|Any CPU
		{BD0CFBA5-8ED3-423A-AEDB-F6150EADF736}.Release|Any CPU.Build.0 = Release|Any CPU
		{F41D0B1C-3B29-4D2E-BC04-1CFD2016EEC7}.Debug|Any CPU.ActiveCfg = Debug|Any CPU
		{F41D0B1C-3B29-4D2E-BC04-1CFD2016EEC7}.Debug|Any CPU.Build.0 = Debug|Any CPU
		{F41D0B1C-3B29-4D2E-BC04-1CFD2016EEC7}.Release|Any CPU.ActiveCfg = Release|Any CPU
		{F41D0B1C-3B29-4D2E-BC04-1CFD2016EEC7}.Release|Any CPU.Build.0 = Release|Any CPU
		{D1E23352-90EF-410D-88C6-E8D80A742581}.Debug|Any CPU.ActiveCfg = Debug|Any CPU
		{D1E23352-90EF-410D-88C6-E8D80A742581}.Debug|Any CPU.Build.0 = Debug|Any CPU
		{D1E23352-90EF-410D-88C6-E8D80A742581}.Release|Any CPU.ActiveCfg = Release|Any CPU
		{D1E23352-90EF-410D-88C6-E8D80A742581}.Release|Any CPU.Build.0 = Release|Any CPU
		{570F7869-99A0-4DEC-8EAE-D14667D46F38}.Debug|Any CPU.ActiveCfg = Debug|Any CPU
		{570F7869-99A0-4DEC-8EAE-D14667D46F38}.Debug|Any CPU.Build.0 = Debug|Any CPU
		{570F7869-99A0-4DEC-8EAE-D14667D46F38}.Release|Any CPU.ActiveCfg = Release|Any CPU
		{570F7869-99A0-4DEC-8EAE-D14667D46F38}.Release|Any CPU.Build.0 = Release|Any CPU
		{FE9B5E7F-A4CE-4364-BE1C-B8CD931034DC}.Debug|Any CPU.ActiveCfg = Debug|Any CPU
		{FE9B5E7F-A4CE-4364-BE1C-B8CD931034DC}.Debug|Any CPU.Build.0 = Debug|Any CPU
		{FE9B5E7F-A4CE-4364-BE1C-B8CD931034DC}.Release|Any CPU.ActiveCfg = Release|Any CPU
		{FE9B5E7F-A4CE-4364-BE1C-B8CD931034DC}.Release|Any CPU.Build.0 = Release|Any CPU
		{0B704879-4CEB-469F-B7B2-6664DF1A21EF}.Debug|Any CPU.ActiveCfg = Debug|Any CPU
		{0B704879-4CEB-469F-B7B2-6664DF1A21EF}.Debug|Any CPU.Build.0 = Debug|Any CPU
		{0B704879-4CEB-469F-B7B2-6664DF1A21EF}.Release|Any CPU.ActiveCfg = Release|Any CPU
		{0B704879-4CEB-469F-B7B2-6664DF1A21EF}.Release|Any CPU.Build.0 = Release|Any CPU
		{3753DB4A-C908-40CA-BE27-C889AF9D3040}.Debug|Any CPU.ActiveCfg = Debug|Any CPU
		{3753DB4A-C908-40CA-BE27-C889AF9D3040}.Debug|Any CPU.Build.0 = Debug|Any CPU
		{3753DB4A-C908-40CA-BE27-C889AF9D3040}.Release|Any CPU.ActiveCfg = Release|Any CPU
		{3753DB4A-C908-40CA-BE27-C889AF9D3040}.Release|Any CPU.Build.0 = Release|Any CPU
		{FDA40820-E46A-4EB0-921D-4ABDF8AD57E4}.Debug|Any CPU.ActiveCfg = Debug|Any CPU
		{FDA40820-E46A-4EB0-921D-4ABDF8AD57E4}.Debug|Any CPU.Build.0 = Debug|Any CPU
		{FDA40820-E46A-4EB0-921D-4ABDF8AD57E4}.Release|Any CPU.ActiveCfg = Release|Any CPU
		{FDA40820-E46A-4EB0-921D-4ABDF8AD57E4}.Release|Any CPU.Build.0 = Release|Any CPU
		{54E6964A-DEC1-4603-80A3-91A9AE99AE58}.Debug|Any CPU.ActiveCfg = Debug|Any CPU
		{54E6964A-DEC1-4603-80A3-91A9AE99AE58}.Debug|Any CPU.Build.0 = Debug|Any CPU
		{54E6964A-DEC1-4603-80A3-91A9AE99AE58}.Release|Any CPU.ActiveCfg = Release|Any CPU
		{54E6964A-DEC1-4603-80A3-91A9AE99AE58}.Release|Any CPU.Build.0 = Release|Any CPU
		{1B05609C-88F7-4411-9AE5-E19767F09D17}.Debug|Any CPU.ActiveCfg = Debug|Any CPU
		{1B05609C-88F7-4411-9AE5-E19767F09D17}.Debug|Any CPU.Build.0 = Debug|Any CPU
		{1B05609C-88F7-4411-9AE5-E19767F09D17}.Release|Any CPU.ActiveCfg = Release|Any CPU
		{1B05609C-88F7-4411-9AE5-E19767F09D17}.Release|Any CPU.Build.0 = Release|Any CPU
		{CD60E14E-6E10-4B0A-ADD4-9A25D4025626}.Debug|Any CPU.ActiveCfg = Debug|Any CPU
		{CD60E14E-6E10-4B0A-ADD4-9A25D4025626}.Debug|Any CPU.Build.0 = Debug|Any CPU
		{CD60E14E-6E10-4B0A-ADD4-9A25D4025626}.Release|Any CPU.ActiveCfg = Release|Any CPU
		{CD60E14E-6E10-4B0A-ADD4-9A25D4025626}.Release|Any CPU.Build.0 = Release|Any CPU
		{72193D4F-EC01-48AB-9678-0E70B713CB04}.Debug|Any CPU.ActiveCfg = Debug|Any CPU
		{72193D4F-EC01-48AB-9678-0E70B713CB04}.Debug|Any CPU.Build.0 = Debug|Any CPU
		{72193D4F-EC01-48AB-9678-0E70B713CB04}.Release|Any CPU.ActiveCfg = Release|Any CPU
		{72193D4F-EC01-48AB-9678-0E70B713CB04}.Release|Any CPU.Build.0 = Release|Any CPU
	EndGlobalSection
	GlobalSection(SolutionProperties) = preSolution
		HideSolutionNode = FALSE
	EndGlobalSection
	GlobalSection(ExtensibilityGlobals) = postSolution
		SolutionGuid = {87208858-AC78-4B44-85DF-0015584C613B}
	EndGlobalSection
EndGlobal
